# This file is automatically @generated by Poetry 1.8.3 and should not be changed by hand.

[[package]]
name = "asgiref"
version = "3.6.0"
description = "ASGI specs, helper code, and adapters"
optional = false
python-versions = ">=3.7"
files = [
    {file = "asgiref-3.6.0-py3-none-any.whl", hash = "sha256:71e68008da809b957b7ee4b43dbccff33d1b23519fb8344e33f049897077afac"},
    {file = "asgiref-3.6.0.tar.gz", hash = "sha256:9567dfe7bd8d3c8c892227827c41cce860b368104c3431da67a0c5a65a949506"},
]

[package.extras]
tests = ["mypy (>=0.800)", "pytest", "pytest-asyncio"]

[[package]]
name = "colorama"
version = "0.4.6"
description = "Cross-platform colored terminal text."
optional = false
python-versions = "!=3.0.*,!=3.1.*,!=3.2.*,!=3.3.*,!=3.4.*,!=3.5.*,!=3.6.*,>=2.7"
files = [
    {file = "colorama-0.4.6-py2.py3-none-any.whl", hash = "sha256:4f1d9991f5acc0ca119f9d443620b77f9d6b33703e51011c16baf57afb285fc6"},
    {file = "colorama-0.4.6.tar.gz", hash = "sha256:08695f5cb7ed6e0531a20572697297273c47b8cae5a63ffc6d6ed5c201be6e44"},
]

[[package]]
name = "coverage"
version = "7.6.9"
description = "Code coverage measurement for Python"
optional = false
python-versions = ">=3.9"
files = [
    {file = "coverage-7.6.9-cp310-cp310-macosx_10_9_x86_64.whl", hash = "sha256:85d9636f72e8991a1706b2b55b06c27545448baf9f6dbf51c4004609aacd7dcb"},
    {file = "coverage-7.6.9-cp310-cp310-macosx_11_0_arm64.whl", hash = "sha256:608a7fd78c67bee8936378299a6cb9f5149bb80238c7a566fc3e6717a4e68710"},
    {file = "coverage-7.6.9-cp310-cp310-manylinux_2_17_aarch64.manylinux2014_aarch64.whl", hash = "sha256:96d636c77af18b5cb664ddf12dab9b15a0cfe9c0bde715da38698c8cea748bfa"},
    {file = "coverage-7.6.9-cp310-cp310-manylinux_2_5_i686.manylinux1_i686.manylinux_2_17_i686.manylinux2014_i686.whl", hash = "sha256:d75cded8a3cff93da9edc31446872d2997e327921d8eed86641efafd350e1df1"},
    {file = "coverage-7.6.9-cp310-cp310-manylinux_2_5_x86_64.manylinux1_x86_64.manylinux_2_17_x86_64.manylinux2014_x86_64.whl", hash = "sha256:f7b15f589593110ae767ce997775d645b47e5cbbf54fd322f8ebea6277466cec"},
    {file = "coverage-7.6.9-cp310-cp310-musllinux_1_2_aarch64.whl", hash = "sha256:44349150f6811b44b25574839b39ae35291f6496eb795b7366fef3bd3cf112d3"},
    {file = "coverage-7.6.9-cp310-cp310-musllinux_1_2_i686.whl", hash = "sha256:d891c136b5b310d0e702e186d70cd16d1119ea8927347045124cb286b29297e5"},
    {file = "coverage-7.6.9-cp310-cp310-musllinux_1_2_x86_64.whl", hash = "sha256:db1dab894cc139f67822a92910466531de5ea6034ddfd2b11c0d4c6257168073"},
    {file = "coverage-7.6.9-cp310-cp310-win32.whl", hash = "sha256:41ff7b0da5af71a51b53f501a3bac65fb0ec311ebed1632e58fc6107f03b9198"},
    {file = "coverage-7.6.9-cp310-cp310-win_amd64.whl", hash = "sha256:35371f8438028fdccfaf3570b31d98e8d9eda8bb1d6ab9473f5a390969e98717"},
    {file = "coverage-7.6.9-cp311-cp311-macosx_10_9_x86_64.whl", hash = "sha256:932fc826442132dde42ee52cf66d941f581c685a6313feebed358411238f60f9"},
    {file = "coverage-7.6.9-cp311-cp311-macosx_11_0_arm64.whl", hash = "sha256:085161be5f3b30fd9b3e7b9a8c301f935c8313dcf928a07b116324abea2c1c2c"},
    {file = "coverage-7.6.9-cp311-cp311-manylinux_2_17_aarch64.manylinux2014_aarch64.whl", hash = "sha256:ccc660a77e1c2bf24ddbce969af9447a9474790160cfb23de6be4fa88e3951c7"},
    {file = "coverage-7.6.9-cp311-cp311-manylinux_2_5_i686.manylinux1_i686.manylinux_2_17_i686.manylinux2014_i686.whl", hash = "sha256:c69e42c892c018cd3c8d90da61d845f50a8243062b19d228189b0224150018a9"},
    {file = "coverage-7.6.9-cp311-cp311-manylinux_2_5_x86_64.manylinux1_x86_64.manylinux_2_17_x86_64.manylinux2014_x86_64.whl", hash = "sha256:0824a28ec542a0be22f60c6ac36d679e0e262e5353203bea81d44ee81fe9c6d4"},
    {file = "coverage-7.6.9-cp311-cp311-musllinux_1_2_aarch64.whl", hash = "sha256:4401ae5fc52ad8d26d2a5d8a7428b0f0c72431683f8e63e42e70606374c311a1"},
    {file = "coverage-7.6.9-cp311-cp311-musllinux_1_2_i686.whl", hash = "sha256:98caba4476a6c8d59ec1eb00c7dd862ba9beca34085642d46ed503cc2d440d4b"},
    {file = "coverage-7.6.9-cp311-cp311-musllinux_1_2_x86_64.whl", hash = "sha256:ee5defd1733fd6ec08b168bd4f5387d5b322f45ca9e0e6c817ea6c4cd36313e3"},
    {file = "coverage-7.6.9-cp311-cp311-win32.whl", hash = "sha256:f2d1ec60d6d256bdf298cb86b78dd715980828f50c46701abc3b0a2b3f8a0dc0"},
    {file = "coverage-7.6.9-cp311-cp311-win_amd64.whl", hash = "sha256:0d59fd927b1f04de57a2ba0137166d31c1a6dd9e764ad4af552912d70428c92b"},
    {file = "coverage-7.6.9-cp312-cp312-macosx_10_13_x86_64.whl", hash = "sha256:99e266ae0b5d15f1ca8d278a668df6f51cc4b854513daab5cae695ed7b721cf8"},
    {file = "coverage-7.6.9-cp312-cp312-macosx_11_0_arm64.whl", hash = "sha256:9901d36492009a0a9b94b20e52ebfc8453bf49bb2b27bca2c9706f8b4f5a554a"},
    {file = "coverage-7.6.9-cp312-cp312-manylinux_2_17_aarch64.manylinux2014_aarch64.whl", hash = "sha256:abd3e72dd5b97e3af4246cdada7738ef0e608168de952b837b8dd7e90341f015"},
    {file = "coverage-7.6.9-cp312-cp312-manylinux_2_5_i686.manylinux1_i686.manylinux_2_17_i686.manylinux2014_i686.whl", hash = "sha256:ff74026a461eb0660366fb01c650c1d00f833a086b336bdad7ab00cc952072b3"},
    {file = "coverage-7.6.9-cp312-cp312-manylinux_2_5_x86_64.manylinux1_x86_64.manylinux_2_17_x86_64.manylinux2014_x86_64.whl", hash = "sha256:65dad5a248823a4996724a88eb51d4b31587aa7aa428562dbe459c684e5787ae"},
    {file = "coverage-7.6.9-cp312-cp312-musllinux_1_2_aarch64.whl", hash = "sha256:22be16571504c9ccea919fcedb459d5ab20d41172056206eb2994e2ff06118a4"},
    {file = "coverage-7.6.9-cp312-cp312-musllinux_1_2_i686.whl", hash = "sha256:0f957943bc718b87144ecaee70762bc2bc3f1a7a53c7b861103546d3a403f0a6"},
    {file = "coverage-7.6.9-cp312-cp312-musllinux_1_2_x86_64.whl", hash = "sha256:0ae1387db4aecb1f485fb70a6c0148c6cdaebb6038f1d40089b1fc84a5db556f"},
    {file = "coverage-7.6.9-cp312-cp312-win32.whl", hash = "sha256:1a330812d9cc7ac2182586f6d41b4d0fadf9be9049f350e0efb275c8ee8eb692"},
    {file = "coverage-7.6.9-cp312-cp312-win_amd64.whl", hash = "sha256:b12c6b18269ca471eedd41c1b6a1065b2f7827508edb9a7ed5555e9a56dcfc97"},
    {file = "coverage-7.6.9-cp313-cp313-macosx_10_13_x86_64.whl", hash = "sha256:899b8cd4781c400454f2f64f7776a5d87bbd7b3e7f7bda0cb18f857bb1334664"},
    {file = "coverage-7.6.9-cp313-cp313-macosx_11_0_arm64.whl", hash = "sha256:61f70dc68bd36810972e55bbbe83674ea073dd1dcc121040a08cdf3416c5349c"},
    {file = "coverage-7.6.9-cp313-cp313-manylinux_2_17_aarch64.manylinux2014_aarch64.whl", hash = "sha256:8a289d23d4c46f1a82d5db4abeb40b9b5be91731ee19a379d15790e53031c014"},
    {file = "coverage-7.6.9-cp313-cp313-manylinux_2_5_i686.manylinux1_i686.manylinux_2_17_i686.manylinux2014_i686.whl", hash = "sha256:7e216d8044a356fc0337c7a2a0536d6de07888d7bcda76febcb8adc50bdbbd00"},
    {file = "coverage-7.6.9-cp313-cp313-manylinux_2_5_x86_64.manylinux1_x86_64.manylinux_2_17_x86_64.manylinux2014_x86_64.whl", hash = "sha256:3c026eb44f744acaa2bda7493dad903aa5bf5fc4f2554293a798d5606710055d"},
    {file = "coverage-7.6.9-cp313-cp313-musllinux_1_2_aarch64.whl", hash = "sha256:e77363e8425325384f9d49272c54045bbed2f478e9dd698dbc65dbc37860eb0a"},
    {file = "coverage-7.6.9-cp313-cp313-musllinux_1_2_i686.whl", hash = "sha256:777abfab476cf83b5177b84d7486497e034eb9eaea0d746ce0c1268c71652077"},
    {file = "coverage-7.6.9-cp313-cp313-musllinux_1_2_x86_64.whl", hash = "sha256:447af20e25fdbe16f26e84eb714ba21d98868705cb138252d28bc400381f6ffb"},
    {file = "coverage-7.6.9-cp313-cp313-win32.whl", hash = "sha256:d872ec5aeb086cbea771c573600d47944eea2dcba8be5f3ee649bfe3cb8dc9ba"},
    {file = "coverage-7.6.9-cp313-cp313-win_amd64.whl", hash = "sha256:fd1213c86e48dfdc5a0cc676551db467495a95a662d2396ecd58e719191446e1"},
    {file = "coverage-7.6.9-cp313-cp313t-macosx_10_13_x86_64.whl", hash = "sha256:ba9e7484d286cd5a43744e5f47b0b3fb457865baf07bafc6bee91896364e1419"},
    {file = "coverage-7.6.9-cp313-cp313t-macosx_11_0_arm64.whl", hash = "sha256:e5ea1cf0872ee455c03e5674b5bca5e3e68e159379c1af0903e89f5eba9ccc3a"},
    {file = "coverage-7.6.9-cp313-cp313t-manylinux_2_17_aarch64.manylinux2014_aarch64.whl", hash = "sha256:2d10e07aa2b91835d6abec555ec8b2733347956991901eea6ffac295f83a30e4"},
    {file = "coverage-7.6.9-cp313-cp313t-manylinux_2_5_i686.manylinux1_i686.manylinux_2_17_i686.manylinux2014_i686.whl", hash = "sha256:13a9e2d3ee855db3dd6ea1ba5203316a1b1fd8eaeffc37c5b54987e61e4194ae"},
    {file = "coverage-7.6.9-cp313-cp313t-manylinux_2_5_x86_64.manylinux1_x86_64.manylinux_2_17_x86_64.manylinux2014_x86_64.whl", hash = "sha256:9c38bf15a40ccf5619fa2fe8f26106c7e8e080d7760aeccb3722664c8656b030"},
    {file = "coverage-7.6.9-cp313-cp313t-musllinux_1_2_aarch64.whl", hash = "sha256:d5275455b3e4627c8e7154feaf7ee0743c2e7af82f6e3b561967b1cca755a0be"},
    {file = "coverage-7.6.9-cp313-cp313t-musllinux_1_2_i686.whl", hash = "sha256:8f8770dfc6e2c6a2d4569f411015c8d751c980d17a14b0530da2d7f27ffdd88e"},
    {file = "coverage-7.6.9-cp313-cp313t-musllinux_1_2_x86_64.whl", hash = "sha256:8d2dfa71665a29b153a9681edb1c8d9c1ea50dfc2375fb4dac99ea7e21a0bcd9"},
    {file = "coverage-7.6.9-cp313-cp313t-win32.whl", hash = "sha256:5e6b86b5847a016d0fbd31ffe1001b63355ed309651851295315031ea7eb5a9b"},
    {file = "coverage-7.6.9-cp313-cp313t-win_amd64.whl", hash = "sha256:97ddc94d46088304772d21b060041c97fc16bdda13c6c7f9d8fcd8d5ae0d8611"},
    {file = "coverage-7.6.9-cp39-cp39-macosx_10_9_x86_64.whl", hash = "sha256:adb697c0bd35100dc690de83154627fbab1f4f3c0386df266dded865fc50a902"},
    {file = "coverage-7.6.9-cp39-cp39-macosx_11_0_arm64.whl", hash = "sha256:be57b6d56e49c2739cdf776839a92330e933dd5e5d929966fbbd380c77f060be"},
    {file = "coverage-7.6.9-cp39-cp39-manylinux_2_17_aarch64.manylinux2014_aarch64.whl", hash = "sha256:f1592791f8204ae9166de22ba7e6705fa4ebd02936c09436a1bb85aabca3e599"},
    {file = "coverage-7.6.9-cp39-cp39-manylinux_2_5_i686.manylinux1_i686.manylinux_2_17_i686.manylinux2014_i686.whl", hash = "sha256:4e12ae8cc979cf83d258acb5e1f1cf2f3f83524d1564a49d20b8bec14b637f08"},
    {file = "coverage-7.6.9-cp39-cp39-manylinux_2_5_x86_64.manylinux1_x86_64.manylinux_2_17_x86_64.manylinux2014_x86_64.whl", hash = "sha256:bb5555cff66c4d3d6213a296b360f9e1a8e323e74e0426b6c10ed7f4d021e464"},
    {file = "coverage-7.6.9-cp39-cp39-musllinux_1_2_aarch64.whl", hash = "sha256:b9389a429e0e5142e69d5bf4a435dd688c14478a19bb901735cdf75e57b13845"},
    {file = "coverage-7.6.9-cp39-cp39-musllinux_1_2_i686.whl", hash = "sha256:592ac539812e9b46046620341498caf09ca21023c41c893e1eb9dbda00a70cbf"},
    {file = "coverage-7.6.9-cp39-cp39-musllinux_1_2_x86_64.whl", hash = "sha256:a27801adef24cc30871da98a105f77995e13a25a505a0161911f6aafbd66e678"},
    {file = "coverage-7.6.9-cp39-cp39-win32.whl", hash = "sha256:8e3c3e38930cfb729cb8137d7f055e5a473ddaf1217966aa6238c88bd9fd50e6"},
    {file = "coverage-7.6.9-cp39-cp39-win_amd64.whl", hash = "sha256:e28bf44afa2b187cc9f41749138a64435bf340adfcacb5b2290c070ce99839d4"},
    {file = "coverage-7.6.9-pp39.pp310-none-any.whl", hash = "sha256:f3ca78518bc6bc92828cd11867b121891d75cae4ea9e908d72030609b996db1b"},
    {file = "coverage-7.6.9.tar.gz", hash = "sha256:4a8d8977b0c6ef5aeadcb644da9e69ae0dcfe66ec7f368c89c72e058bd71164d"},
]

[package.dependencies]
tomli = {version = "*", optional = true, markers = "python_full_version <= \"3.11.0a6\" and extra == \"toml\""}

[package.extras]
toml = ["tomli"]

[[package]]
name = "distlib"
version = "0.3.6"
description = "Distribution utilities"
optional = false
python-versions = "*"
files = [
    {file = "distlib-0.3.6-py2.py3-none-any.whl", hash = "sha256:f35c4b692542ca110de7ef0bea44d73981caeb34ca0b9b6b2e6d7790dda8f80e"},
    {file = "distlib-0.3.6.tar.gz", hash = "sha256:14bad2d9b04d3a36127ac97f30b12a19268f211063d8f8ee4f47108896e11b46"},
]

[[package]]
name = "django"
version = "4.2.17"
description = "A high-level Python web framework that encourages rapid development and clean, pragmatic design."
optional = false
python-versions = ">=3.8"
files = [
    {file = "Django-4.2.17-py3-none-any.whl", hash = "sha256:3a93350214ba25f178d4045c0786c61573e7dbfa3c509b3551374f1e11ba8de0"},
    {file = "Django-4.2.17.tar.gz", hash = "sha256:6b56d834cc94c8b21a8f4e775064896be3b4a4ca387f2612d4406a5927cd2fdc"},
]

[package.dependencies]
asgiref = ">=3.6.0,<4"
sqlparse = ">=0.3.1"
tzdata = {version = "*", markers = "sys_platform == \"win32\""}

[package.extras]
argon2 = ["argon2-cffi (>=19.1.0)"]
bcrypt = ["bcrypt"]

[[package]]
name = "exceptiongroup"
version = "1.1.1"
description = "Backport of PEP 654 (exception groups)"
optional = false
python-versions = ">=3.7"
files = [
    {file = "exceptiongroup-1.1.1-py3-none-any.whl", hash = "sha256:232c37c63e4f682982c8b6459f33a8981039e5fb8756b2074364e5055c498c9e"},
    {file = "exceptiongroup-1.1.1.tar.gz", hash = "sha256:d484c3090ba2889ae2928419117447a14daf3c1231d5e30d0aae34f354f01785"},
]

[package.extras]
test = ["pytest (>=6)"]

[[package]]
name = "filelock"
version = "3.12.0"
description = "A platform independent file lock."
optional = false
python-versions = ">=3.7"
files = [
    {file = "filelock-3.12.0-py3-none-any.whl", hash = "sha256:ad98852315c2ab702aeb628412cbf7e95b7ce8c3bf9565670b4eaecf1db370a9"},
    {file = "filelock-3.12.0.tar.gz", hash = "sha256:fc03ae43288c013d2ea83c8597001b1129db351aad9c57fe2409327916b8e718"},
]

[package.extras]
docs = ["furo (>=2023.3.27)", "sphinx (>=6.1.3)", "sphinx-autodoc-typehints (>=1.23,!=1.23.4)"]
testing = ["covdefaults (>=2.3)", "coverage (>=7.2.3)", "diff-cover (>=7.5)", "pytest (>=7.3.1)", "pytest-cov (>=4)", "pytest-mock (>=3.10)", "pytest-timeout (>=2.1)"]

[[package]]
name = "flake8"
version = "3.9.2"
description = "the modular source code checker: pep8 pyflakes and co"
optional = false
python-versions = "!=3.0.*,!=3.1.*,!=3.2.*,!=3.3.*,!=3.4.*,>=2.7"
files = [
    {file = "flake8-3.9.2-py2.py3-none-any.whl", hash = "sha256:bf8fd333346d844f616e8d47905ef3a3384edae6b4e9beb0c5101e25e3110907"},
    {file = "flake8-3.9.2.tar.gz", hash = "sha256:07528381786f2a6237b061f6e96610a4167b226cb926e2aa2b6b1d78057c576b"},
]

[package.dependencies]
mccabe = ">=0.6.0,<0.7.0"
pycodestyle = ">=2.7.0,<2.8.0"
pyflakes = ">=2.3.0,<2.4.0"

[[package]]
name = "flake8-isort"
version = "3.0.1"
description = "flake8 plugin that integrates isort ."
optional = false
python-versions = "*"
files = [
    {file = "flake8-isort-3.0.1.tar.gz", hash = "sha256:5d976da513cc390232ad5a9bb54aee8a092466a15f442d91dfc525834bee727a"},
    {file = "flake8_isort-3.0.1-py2.py3-none-any.whl", hash = "sha256:df1dd6dd73f6a8b128c9c783356627231783cccc82c13c6dc343d1a5a491699b"},
]

[package.dependencies]
flake8 = ">=3.2.1,<4"
isort = {version = ">=4.3.5,<5", extras = ["pyproject"]}
testfixtures = ">=6.8.0,<7"

[package.extras]
test = ["pytest (>=4.0.2,<6)"]

[[package]]
name = "iniconfig"
version = "2.0.0"
description = "brain-dead simple config-ini parsing"
optional = false
python-versions = ">=3.7"
files = [
    {file = "iniconfig-2.0.0-py3-none-any.whl", hash = "sha256:b6a85871a79d2e3b22d2d1b94ac2824226a63c6b741c88f7ae975f18b6778374"},
    {file = "iniconfig-2.0.0.tar.gz", hash = "sha256:2d91e135bf72d31a410b17c16da610a82cb55f6b0477d1a902134b24a455b8b3"},
]

[[package]]
name = "isort"
version = "4.3.21"
description = "A Python utility / library to sort Python imports."
optional = false
python-versions = ">=2.7, !=3.0.*, !=3.1.*, !=3.2.*, !=3.3.*"
files = [
    {file = "isort-4.3.21-py2.py3-none-any.whl", hash = "sha256:6e811fcb295968434526407adb8796944f1988c5b65e8139058f2014cbe100fd"},
    {file = "isort-4.3.21.tar.gz", hash = "sha256:54da7e92468955c4fceacd0c86bd0ec997b0e1ee80d97f67c35a78b719dccab1"},
]

[package.dependencies]
toml = {version = "*", optional = true, markers = "extra == \"pyproject\""}

[package.extras]
pipfile = ["pipreqs", "requirementslib"]
pyproject = ["toml"]
requirements = ["pip-api", "pipreqs"]
xdg-home = ["appdirs (>=1.4.0)"]

[[package]]
name = "mccabe"
version = "0.6.1"
description = "McCabe checker, plugin for flake8"
optional = false
python-versions = "*"
files = [
    {file = "mccabe-0.6.1-py2.py3-none-any.whl", hash = "sha256:ab8a6258860da4b6677da4bd2fe5dc2c659cff31b3ee4f7f5d64e79735b80d42"},
    {file = "mccabe-0.6.1.tar.gz", hash = "sha256:dd8d182285a0fe56bace7f45b5e7d1a6ebcbf524e8f3bd87eb0f125271b8831f"},
]

[[package]]
name = "mock"
version = "5.1.0"
description = "Rolling backport of unittest.mock for all Pythons"
optional = false
python-versions = ">=3.6"
files = [
    {file = "mock-5.1.0-py3-none-any.whl", hash = "sha256:18c694e5ae8a208cdb3d2c20a993ca1a7b0efa258c247a1e565150f477f83744"},
    {file = "mock-5.1.0.tar.gz", hash = "sha256:5e96aad5ccda4718e0a229ed94b2024df75cc2d55575ba5762d31f5767b8767d"},
]

[package.extras]
build = ["blurb", "twine", "wheel"]
docs = ["sphinx"]
test = ["pytest", "pytest-cov"]

[[package]]
name = "packaging"
version = "23.1"
description = "Core utilities for Python packages"
optional = false
python-versions = ">=3.7"
files = [
    {file = "packaging-23.1-py3-none-any.whl", hash = "sha256:994793af429502c4ea2ebf6bf664629d07c1a9fe974af92966e4b8d2df7edc61"},
    {file = "packaging-23.1.tar.gz", hash = "sha256:a392980d2b6cffa644431898be54b0045151319d1e7ec34f0cfed48767dd334f"},
]

[[package]]
name = "platformdirs"
version = "3.5.1"
description = "A small Python package for determining appropriate platform-specific dirs, e.g. a \"user data dir\"."
optional = false
python-versions = ">=3.7"
files = [
    {file = "platformdirs-3.5.1-py3-none-any.whl", hash = "sha256:e2378146f1964972c03c085bb5662ae80b2b8c06226c54b2ff4aa9483e8a13a5"},
    {file = "platformdirs-3.5.1.tar.gz", hash = "sha256:412dae91f52a6f84830f39a8078cecd0e866cb72294a5c66808e74d5e88d251f"},
]

[package.extras]
docs = ["furo (>=2023.3.27)", "proselint (>=0.13)", "sphinx (>=6.2.1)", "sphinx-autodoc-typehints (>=1.23,!=1.23.4)"]
test = ["appdirs (==1.4.4)", "covdefaults (>=2.3)", "pytest (>=7.3.1)", "pytest-cov (>=4)", "pytest-mock (>=3.10)"]

[[package]]
name = "pluggy"
version = "1.5.0"
description = "plugin and hook calling mechanisms for python"
optional = false
python-versions = ">=3.8"
files = [
    {file = "pluggy-1.5.0-py3-none-any.whl", hash = "sha256:44e1ad92c8ca002de6377e165f3e0f1be63266ab4d554740532335b9d75ea669"},
    {file = "pluggy-1.5.0.tar.gz", hash = "sha256:2cffa88e94fdc978c4c574f15f9e59b7f4201d439195c3715ca9e2486f1d0cf1"},
]

[package.extras]
dev = ["pre-commit", "tox"]
testing = ["pytest", "pytest-benchmark"]

[[package]]
name = "py"
version = "1.11.0"
description = "library with cross-python path, ini-parsing, io, code, log facilities"
optional = false
python-versions = ">=2.7, !=3.0.*, !=3.1.*, !=3.2.*, !=3.3.*, !=3.4.*"
files = [
    {file = "py-1.11.0-py2.py3-none-any.whl", hash = "sha256:607c53218732647dff4acdfcd50cb62615cedf612e72d1724fb1a0cc6405b378"},
    {file = "py-1.11.0.tar.gz", hash = "sha256:51c75c4126074b472f746a24399ad32f6053d1b34b68d2fa41e558e6f4a98719"},
]

[[package]]
name = "pycodestyle"
version = "2.7.0"
description = "Python style guide checker"
optional = false
python-versions = ">=2.7, !=3.0.*, !=3.1.*, !=3.2.*, !=3.3.*"
files = [
    {file = "pycodestyle-2.7.0-py2.py3-none-any.whl", hash = "sha256:514f76d918fcc0b55c6680472f0a37970994e07bbb80725808c17089be302068"},
    {file = "pycodestyle-2.7.0.tar.gz", hash = "sha256:c389c1d06bf7904078ca03399a4816f974a1d590090fecea0c63ec26ebaf1cef"},
]

[[package]]
name = "pyflakes"
version = "2.3.1"
description = "passive checker of Python programs"
optional = false
python-versions = ">=2.7, !=3.0.*, !=3.1.*, !=3.2.*, !=3.3.*"
files = [
    {file = "pyflakes-2.3.1-py2.py3-none-any.whl", hash = "sha256:7893783d01b8a89811dd72d7dfd4d84ff098e5eed95cfa8905b22bbffe52efc3"},
    {file = "pyflakes-2.3.1.tar.gz", hash = "sha256:f5bc8ecabc05bb9d291eb5203d6810b49040f6ff446a756326104746cc00c1db"},
]

[[package]]
name = "pytest"
version = "8.3.4"
description = "pytest: simple powerful testing with Python"
optional = false
python-versions = ">=3.8"
files = [
    {file = "pytest-8.3.4-py3-none-any.whl", hash = "sha256:50e16d954148559c9a74109af1eaf0c945ba2d8f30f0a3d3335edde19788b6f6"},
    {file = "pytest-8.3.4.tar.gz", hash = "sha256:965370d062bce11e73868e0335abac31b4d3de0e82f4007408d242b4f8610761"},
]

[package.dependencies]
colorama = {version = "*", markers = "sys_platform == \"win32\""}
exceptiongroup = {version = ">=1.0.0rc8", markers = "python_version < \"3.11\""}
iniconfig = "*"
packaging = "*"
pluggy = ">=1.5,<2"
tomli = {version = ">=1", markers = "python_version < \"3.11\""}

[package.extras]
dev = ["argcomplete", "attrs (>=19.2)", "hypothesis (>=3.56)", "mock", "pygments (>=2.7.2)", "requests", "setuptools", "xmlschema"]

[[package]]
name = "pytest-cov"
version = "5.0.0"
description = "Pytest plugin for measuring coverage."
optional = false
python-versions = ">=3.8"
files = [
    {file = "pytest-cov-5.0.0.tar.gz", hash = "sha256:5837b58e9f6ebd335b0f8060eecce69b662415b16dc503883a02f45dfeb14857"},
    {file = "pytest_cov-5.0.0-py3-none-any.whl", hash = "sha256:4f0764a1219df53214206bf1feea4633c3b558a2925c8b59f144f682861ce652"},
]

[package.dependencies]
coverage = {version = ">=5.2.1", extras = ["toml"]}
pytest = ">=4.6"

[package.extras]
testing = ["fields", "hunter", "process-tests", "pytest-xdist", "virtualenv"]

[[package]]
name = "pytest-django"
version = "4.9.0"
description = "A Django plugin for pytest."
optional = false
python-versions = ">=3.8"
files = [
    {file = "pytest_django-4.9.0-py3-none-any.whl", hash = "sha256:1d83692cb39188682dbb419ff0393867e9904094a549a7d38a3154d5731b2b99"},
    {file = "pytest_django-4.9.0.tar.gz", hash = "sha256:8bf7bc358c9ae6f6fc51b6cebb190fe20212196e6807121f11bd6a3b03428314"},
]

[package.dependencies]
pytest = ">=7.0.0"

[package.extras]
docs = ["sphinx", "sphinx-rtd-theme"]
testing = ["Django", "django-configurations (>=2.0)"]

[[package]]
name = "scim2-filter-parser"
version = "0.5.0"
description = "A customizable parser/transpiler for SCIM2.0 filters."
optional = false
python-versions = ">=3.8"
files = [
    {file = "scim2_filter_parser-0.5.0-py3-none-any.whl", hash = "sha256:4aca1b3b64655dc038a973a9659056a103a919fb0218614e36bf19d3b5de5b48"},
    {file = "scim2_filter_parser-0.5.0.tar.gz", hash = "sha256:104c72e6faeb9a6b873950f66b0e3b69134fb19debf67e1d3714e91a6dafd8af"},
]

[package.dependencies]
sly = "0.5"

[package.extras]
django-query = ["django (>=3.2)"]

[[package]]
name = "six"
version = "1.16.0"
description = "Python 2 and 3 compatibility utilities"
optional = false
python-versions = ">=2.7, !=3.0.*, !=3.1.*, !=3.2.*"
files = [
    {file = "six-1.16.0-py2.py3-none-any.whl", hash = "sha256:8abb2f1d86890a2dfb989f9a77cfcfd3e47c2a354b01111771326f8aa26e0254"},
    {file = "six-1.16.0.tar.gz", hash = "sha256:1e61c37477a1626458e36f7b1d82aa5c9b094fa4802892072e49de9c60c4c926"},
]

[[package]]
name = "sly"
version = "0.5"
description = "\"SLY - Sly Lex Yacc\""
optional = false
python-versions = "*"
files = [
    {file = "sly-0.5-py3-none-any.whl", hash = "sha256:20485483259eec7f6ba85ff4d2e96a4e50c6621902667fc2695cc8bc2a3e5133"},
    {file = "sly-0.5.tar.gz", hash = "sha256:251d42015e8507158aec2164f06035df4a82b0314ce6450f457d7125e7649024"},
]

[[package]]
name = "sqlparse"
version = "0.5.0"
description = "A non-validating SQL parser."
optional = false
python-versions = ">=3.8"
files = [
    {file = "sqlparse-0.5.0-py3-none-any.whl", hash = "sha256:c204494cd97479d0e39f28c93d46c0b2d5959c7b9ab904762ea6c7af211c8663"},
    {file = "sqlparse-0.5.0.tar.gz", hash = "sha256:714d0a4932c059d16189f58ef5411ec2287a4360f17cdd0edd2d09d4c5087c93"},
]

[package.extras]
dev = ["build", "hatch"]
doc = ["sphinx"]

[[package]]
name = "testfixtures"
version = "6.18.5"
description = "A collection of helpers and mock objects for unit tests and doc tests."
optional = false
python-versions = "*"
files = [
    {file = "testfixtures-6.18.5-py2.py3-none-any.whl", hash = "sha256:7de200e24f50a4a5d6da7019fb1197aaf5abd475efb2ec2422fdcf2f2eb98c1d"},
    {file = "testfixtures-6.18.5.tar.gz", hash = "sha256:02dae883f567f5b70fd3ad3c9eefb95912e78ac90be6c7444b5e2f46bf572c84"},
]

[package.extras]
build = ["setuptools-git", "twine", "wheel"]
docs = ["django", "django (<2)", "mock", "sphinx", "sybil", "twisted", "zope.component"]
test = ["django", "django (<2)", "mock", "pytest (>=3.6)", "pytest-cov", "pytest-django", "sybil", "twisted", "zope.component"]

[[package]]
name = "toml"
version = "0.10.2"
description = "Python Library for Tom's Obvious, Minimal Language"
optional = false
python-versions = ">=2.6, !=3.0.*, !=3.1.*, !=3.2.*"
files = [
    {file = "toml-0.10.2-py2.py3-none-any.whl", hash = "sha256:806143ae5bfb6a3c6e736a764057db0e6a0e05e338b5630894a5f779cabb4f9b"},
    {file = "toml-0.10.2.tar.gz", hash = "sha256:b3bda1d108d5dd99f4a20d24d9c348e91c4db7ab1b749200bded2f839ccbe68f"},
]

[[package]]
name = "tomli"
version = "2.0.1"
description = "A lil' TOML parser"
optional = false
python-versions = ">=3.7"
files = [
    {file = "tomli-2.0.1-py3-none-any.whl", hash = "sha256:939de3e7a6161af0c887ef91b7d41a53e7c5a1ca976325f429cb46ea9bc30ecc"},
    {file = "tomli-2.0.1.tar.gz", hash = "sha256:de526c12914f0c550d15924c62d72abc48d6fe7364aa87328337a31007fe8a4f"},
]

[[package]]
name = "tox"
version = "3.28.0"
description = "tox is a generic virtualenv management and test command line tool"
optional = false
python-versions = "!=3.0.*,!=3.1.*,!=3.2.*,!=3.3.*,!=3.4.*,>=2.7"
files = [
    {file = "tox-3.28.0-py2.py3-none-any.whl", hash = "sha256:57b5ab7e8bb3074edc3c0c0b4b192a4f3799d3723b2c5b76f1fa9f2d40316eea"},
    {file = "tox-3.28.0.tar.gz", hash = "sha256:d0d28f3fe6d6d7195c27f8b054c3e99d5451952b54abdae673b71609a581f640"},
]

[package.dependencies]
colorama = {version = ">=0.4.1", markers = "platform_system == \"Windows\""}
filelock = ">=3.0.0"
packaging = ">=14"
pluggy = ">=0.12.0"
py = ">=1.4.17"
six = ">=1.14.0"
tomli = {version = ">=2.0.1", markers = "python_version >= \"3.7\" and python_version < \"3.11\""}
virtualenv = ">=16.0.0,<20.0.0 || >20.0.0,<20.0.1 || >20.0.1,<20.0.2 || >20.0.2,<20.0.3 || >20.0.3,<20.0.4 || >20.0.4,<20.0.5 || >20.0.5,<20.0.6 || >20.0.6,<20.0.7 || >20.0.7"

[package.extras]
docs = ["pygments-github-lexers (>=0.0.5)", "sphinx (>=2.0.0)", "sphinxcontrib-autoprogram (>=0.1.5)", "towncrier (>=18.5.0)"]
testing = ["flaky (>=3.4.0)", "freezegun (>=0.3.11)", "pathlib2 (>=2.3.3)", "psutil (>=5.6.1)", "pytest (>=4.0.0)", "pytest-cov (>=2.5.1)", "pytest-mock (>=1.10.0)", "pytest-randomly (>=1.0.0)"]

[[package]]
name = "tzdata"
version = "2023.3"
description = "Provider of IANA time zone data"
optional = false
python-versions = ">=2"
files = [
    {file = "tzdata-2023.3-py2.py3-none-any.whl", hash = "sha256:7e65763eef3120314099b6939b5546db7adce1e7d6f2e179e3df563c70511eda"},
    {file = "tzdata-2023.3.tar.gz", hash = "sha256:11ef1e08e54acb0d4f95bdb1be05da659673de4acbd21bf9c69e94cc5e907a3a"},
]

[[package]]
name = "virtualenv"
version = "20.23.0"
description = "Virtual Python Environment builder"
optional = false
python-versions = ">=3.7"
files = [
    {file = "virtualenv-20.23.0-py3-none-any.whl", hash = "sha256:6abec7670e5802a528357fdc75b26b9f57d5d92f29c5462ba0fbe45feacc685e"},
    {file = "virtualenv-20.23.0.tar.gz", hash = "sha256:a85caa554ced0c0afbd0d638e7e2d7b5f92d23478d05d17a76daeac8f279f924"},
]

[package.dependencies]
distlib = ">=0.3.6,<1"
filelock = ">=3.11,<4"
platformdirs = ">=3.2,<4"

[package.extras]
docs = ["furo (>=2023.3.27)", "proselint (>=0.13)", "sphinx (>=6.1.3)", "sphinx-argparse (>=0.4)", "sphinxcontrib-towncrier (>=0.2.1a0)", "towncrier (>=22.12)"]
test = ["covdefaults (>=2.3)", "coverage (>=7.2.3)", "coverage-enable-subprocess (>=1)", "flaky (>=3.7)", "packaging (>=23.1)", "pytest (>=7.3.1)", "pytest-env (>=0.8.1)", "pytest-freezegun (>=0.4.2)", "pytest-mock (>=3.10)", "pytest-randomly (>=3.12)", "pytest-timeout (>=2.1)", "setuptools (>=67.7.1)", "time-machine (>=2.9)"]

[metadata]
lock-version = "2.0"
python-versions = ">=3.9"
content-hash = "54f56693d5e7154cb22459389bd8a83ace27517d79b498145ef525e12a4ea56d"
